{
  "version": 4,
  "terraform_version": "1.6.3",
  "serial": 6,
  "lineage": "48507123-bc5b-2a1f-8aca-f48108466560",
  "outputs": {
    "name": {
      "value": "You are on a mission",
      "type": "string"
    },
    "password": {
      "value": [
        "{)#sXn-s"
      ],
      "type": [
        "tuple",
        [
          "string"
        ]
      ]
    }
  },
  "resources": [
    {
      "mode": "managed",
      "type": "local_file",
      "name": "devops",
      "provider": "provider[\"registry.terraform.io/hashicorp/local\"]",
      "instances": [
        {
          "schema_version": 0,
          "attributes": {
            "content": "variable testing",
            "content_base64": null,
            "content_base64sha256": "jbODWKHoqXjOf6W4lriqG0kmHgkBjXV8X2xe5yEgYU4=",
            "content_base64sha512": "ljVVMe7QKYloilaZBI6p4ItxwSibDC6cPLXy30xYnkv0Luuwxgb0TuYeN3UuqX6tpLS+4qW4nsut5u/YsrqZZg==",
            "content_md5": "aba87212730b67508c878fd708ea46b3",
            "content_sha1": "672fce5b35d99b9c6f38099902c42a727a30ec52",
            "content_sha256": "8db38358a1e8a978ce7fa5b896b8aa1b49261e09018d757c5f6c5ee72120614e",
            "content_sha512": "96355531eed02989688a5699048ea9e08b71c1289b0c2e9c3cb5f2df4c589e4bf42eebb0c606f44ee61e37752ea97eada4b4bee2a5b89ecbade6efd8b2ba9966",
            "directory_permission": "0777",
            "file_permission": "0777",
            "filename": "c:/test1.txt",
            "id": "672fce5b35d99b9c6f38099902c42a727a30ec52",
            "sensitive_content": null,
            "source": null
          },
          "sensitive_attributes": []
        }
      ]
    },
    {
      "mode": "managed",
      "type": "local_file",
      "name": "devops1",
      "provider": "provider[\"registry.terraform.io/hashicorp/local\"]",
      "instances": [
        {
          "schema_version": 0,
          "attributes": {
            "content": "This is default content if some dont provide it",
            "content_base64": null,
            "content_base64sha256": "+eajRqxt8XGbwcu4yUoUMdIDrhSmp3OrzrmR5wPEQjo=",
            "content_base64sha512": "CgRodvuvMITOfsXM9/oyDZySpT8CbJuDSaskl9QtNTzMMWnFzNgamc64gLSIKGSH5RSuCcx5AuIG+YAzzfzLQg==",
            "content_md5": "34178c9ad8618e46f0a8e26fdf18d4fe",
            "content_sha1": "78f65c012ca12920d4b8e4dd048864d64adec388",
            "content_sha256": "f9e6a346ac6df1719bc1cbb8c94a1431d203ae14a6a773abceb991e703c4423a",
            "content_sha512": "0a046876fbaf3084ce7ec5ccf7fa320d9c92a53f026c9b8349ab2497d42d353ccc3169c5ccd81a99ceb880b488286487e514ae09cc7902e206f98033cdfccb42",
            "directory_permission": "0777",
            "file_permission": "0777",
            "filename": "c:/defaultvalue.txt",
            "id": "78f65c012ca12920d4b8e4dd048864d64adec388",
            "sensitive_content": null,
            "source": null
          },
          "sensitive_attributes": []
        }
      ]
    },
    {
      "mode": "managed",
      "type": "random_string",
      "name": "password",
      "provider": "provider[\"registry.terraform.io/hashicorp/random\"]",
      "instances": [
        {
          "schema_version": 2,
          "attributes": {
            "id": "{)#sXn-s",
            "keepers": null,
            "length": 8,
            "lower": true,
            "min_lower": 0,
            "min_numeric": 0,
            "min_special": 0,
            "min_upper": 0,
            "number": true,
            "numeric": true,
            "override_special": null,
            "result": "{)#sXn-s",
            "special": true,
            "upper": true
          },
          "sensitive_attributes": []
        }
      ]
    }
  ],
  "check_results": null
}
