{
  "version": 4,
  "terraform_version": "1.6.3",
  "serial": 1,
  "lineage": "48507123-bc5b-2a1f-8aca-f48108466560",
  "outputs": {},
  "resources": [
    {
      "mode": "managed",
      "type": "local_file",
      "name": "devops",
      "provider": "provider[\"registry.terraform.io/hashicorp/local\"]",
      "instances": [
        {
          "schema_version": 0,
          "attributes": {
            "content": "variable testing",
            "content_base64": null,
            "content_base64sha256": "jbODWKHoqXjOf6W4lriqG0kmHgkBjXV8X2xe5yEgYU4=",
            "content_base64sha512": "ljVVMe7QKYloilaZBI6p4ItxwSibDC6cPLXy30xYnkv0Luuwxgb0TuYeN3UuqX6tpLS+4qW4nsut5u/YsrqZZg==",
            "content_md5": "aba87212730b67508c878fd708ea46b3",
            "content_sha1": "672fce5b35d99b9c6f38099902c42a727a30ec52",
            "content_sha256": "8db38358a1e8a978ce7fa5b896b8aa1b49261e09018d757c5f6c5ee72120614e",
            "content_sha512": "96355531eed02989688a5699048ea9e08b71c1289b0c2e9c3cb5f2df4c589e4bf42eebb0c606f44ee61e37752ea97eada4b4bee2a5b89ecbade6efd8b2ba9966",
            "directory_permission": "0777",
            "file_permission": "0777",
            "filename": "c:/test1.txt",
            "id": "672fce5b35d99b9c6f38099902c42a727a30ec52",
            "sensitive_content": null,
            "source": null
          },
          "sensitive_attributes": []
        }
      ]
    }
  ],
  "check_results": null
}
